// !$*UTF8*$!
{
	archiveVersion = 1;
	classes = {
	};
	objectVersion = 50;
	objects = {

/* Begin PBXBuildFile section */
		A66A819C230975FC00DD6278 /* Login.swift in Sources */ = {isa = PBXBuildFile; fileRef = A66A819B230975FC00DD6278 /* Login.swift */; };
		A66A819E230976C600DD6278 /* Global.swift in Sources */ = {isa = PBXBuildFile; fileRef = A66A819D230976C600DD6278 /* Global.swift */; };
		A66A81A0230978A400DD6278 /* Staff.swift in Sources */ = {isa = PBXBuildFile; fileRef = A66A819F230978A400DD6278 /* Staff.swift */; };
		A694184D23045EEF00559C21 /* AppDelegate.swift in Sources */ = {isa = PBXBuildFile; fileRef = A694184C23045EEF00559C21 /* AppDelegate.swift */; };
		A694184F23045EEF00559C21 /* SceneDelegate.swift in Sources */ = {isa = PBXBuildFile; fileRef = A694184E23045EEF00559C21 /* SceneDelegate.swift */; };
		A694185123045EEF00559C21 /* ViewController.swift in Sources */ = {isa = PBXBuildFile; fileRef = A694185023045EEF00559C21 /* ViewController.swift */; };
		A694185423045EEF00559C21 /* Main.storyboard in Resources */ = {isa = PBXBuildFile; fileRef = A694185223045EEF00559C21 /* Main.storyboard */; };
		A694185623045EF000559C21 /* Assets.xcassets in Resources */ = {isa = PBXBuildFile; fileRef = A694185523045EF000559C21 /* Assets.xcassets */; };
		A694185923045EF000559C21 /* LaunchScreen.storyboard in Resources */ = {isa = PBXBuildFile; fileRef = A694185723045EF000559C21 /* LaunchScreen.storyboard */; };
		A6B6F4E4230463C700CFBC02 /* cells.swift in Sources */ = {isa = PBXBuildFile; fileRef = A6B6F4E3230463C700CFBC02 /* cells.swift */; };
		A6B6F4E72304654C00CFBC02 /* extensions.swift in Sources */ = {isa = PBXBuildFile; fileRef = A6B6F4E62304654C00CFBC02 /* extensions.swift */; };
		A6C30FFF23089D2500A02761 /* Reachability.swift in Sources */ = {isa = PBXBuildFile; fileRef = A6C30FFE23089D2500A02761 /* Reachability.swift */; };
		A6C3100523089DE000A02761 /* JSONParser.swift in Sources */ = {isa = PBXBuildFile; fileRef = A6C3100323089DE000A02761 /* JSONParser.swift */; };
		A6C3100623089DE000A02761 /* Network.swift in Sources */ = {isa = PBXBuildFile; fileRef = A6C3100423089DE000A02761 /* Network.swift */; };
		A6C3101323089E4200A02761 /* SVRadialGradientLayer.m in Sources */ = {isa = PBXBuildFile; fileRef = A6C3100923089E4100A02761 /* SVRadialGradientLayer.m */; };
		A6C3101423089E4200A02761 /* SVProgressAnimatedView.m in Sources */ = {isa = PBXBuildFile; fileRef = A6C3100C23089E4100A02761 /* SVProgressAnimatedView.m */; };
		A6C3101523089E4200A02761 /* SVProgressHUD.m in Sources */ = {isa = PBXBuildFile; fileRef = A6C3100F23089E4100A02761 /* SVProgressHUD.m */; };
		A6C3101623089E4200A02761 /* SVIndefiniteAnimatedView.m in Sources */ = {isa = PBXBuildFile; fileRef = A6C3101023089E4100A02761 /* SVIndefiniteAnimatedView.m */; };
		A6C3101723089E4200A02761 /* SVProgressHUD.bundle in Resources */ = {isa = PBXBuildFile; fileRef = A6C3101123089E4100A02761 /* SVProgressHUD.bundle */; };
		A6C3101A23089E5D00A02761 /* QuartzCore.framework in Frameworks */ = {isa = PBXBuildFile; fileRef = A6C3101923089E5D00A02761 /* QuartzCore.framework */; };
		A6E407182305A54D00441C4F /* CardsCollectionViewLayout.swift in Sources */ = {isa = PBXBuildFile; fileRef = A6E407172305A54D00441C4F /* CardsCollectionViewLayout.swift */; };
		A6F838EB2308A14600818A76 /* Project.swift in Sources */ = {isa = PBXBuildFile; fileRef = A6F838EA2308A14600818A76 /* Project.swift */; };
		A6F838ED2308A15000818A76 /* Item.swift in Sources */ = {isa = PBXBuildFile; fileRef = A6F838EC2308A15000818A76 /* Item.swift */; };
		A6F838EF2308A1F200818A76 /* Session.swift in Sources */ = {isa = PBXBuildFile; fileRef = A6F838EE2308A1F200818A76 /* Session.swift */; };
/* End PBXBuildFile section */

/* Begin PBXFileReference section */
		A66A819B230975FC00DD6278 /* Login.swift */ = {isa = PBXFileReference; lastKnownFileType = sourcecode.swift; path = Login.swift; sourceTree = "<group>"; };
		A66A819D230976C600DD6278 /* Global.swift */ = {isa = PBXFileReference; lastKnownFileType = sourcecode.swift; path = Global.swift; sourceTree = "<group>"; };
		A66A819F230978A400DD6278 /* Staff.swift */ = {isa = PBXFileReference; lastKnownFileType = sourcecode.swift; path = Staff.swift; sourceTree = "<group>"; };
		A694184923045EEE00559C21 /* Planner.app */ = {isa = PBXFileReference; explicitFileType = wrapper.application; includeInIndex = 0; path = Planner.app; sourceTree = BUILT_PRODUCTS_DIR; };
		A694184C23045EEF00559C21 /* AppDelegate.swift */ = {isa = PBXFileReference; lastKnownFileType = sourcecode.swift; path = AppDelegate.swift; sourceTree = "<group>"; };
		A694184E23045EEF00559C21 /* SceneDelegate.swift */ = {isa = PBXFileReference; lastKnownFileType = sourcecode.swift; path = SceneDelegate.swift; sourceTree = "<group>"; };
		A694185023045EEF00559C21 /* ViewController.swift */ = {isa = PBXFileReference; lastKnownFileType = sourcecode.swift; path = ViewController.swift; sourceTree = "<group>"; };
		A694185323045EEF00559C21 /* Base */ = {isa = PBXFileReference; lastKnownFileType = file.storyboard; name = Base; path = Base.lproj/Main.storyboard; sourceTree = "<group>"; };
		A694185523045EF000559C21 /* Assets.xcassets */ = {isa = PBXFileReference; lastKnownFileType = folder.assetcatalog; path = Assets.xcassets; sourceTree = "<group>"; };
		A694185823045EF000559C21 /* Base */ = {isa = PBXFileReference; lastKnownFileType = file.storyboard; name = Base; path = Base.lproj/LaunchScreen.storyboard; sourceTree = "<group>"; };
		A694185A23045EF000559C21 /* Info.plist */ = {isa = PBXFileReference; lastKnownFileType = text.plist.xml; path = Info.plist; sourceTree = "<group>"; };
		A6B6F4E3230463C700CFBC02 /* cells.swift */ = {isa = PBXFileReference; lastKnownFileType = sourcecode.swift; path = cells.swift; sourceTree = "<group>"; };
		A6B6F4E62304654C00CFBC02 /* extensions.swift */ = {isa = PBXFileReference; lastKnownFileType = sourcecode.swift; path = extensions.swift; sourceTree = "<group>"; };
		A6C30FFE23089D2500A02761 /* Reachability.swift */ = {isa = PBXFileReference; lastKnownFileType = sourcecode.swift; path = Reachability.swift; sourceTree = "<group>"; };
		A6C3100323089DE000A02761 /* JSONParser.swift */ = {isa = PBXFileReference; fileEncoding = 4; lastKnownFileType = sourcecode.swift; path = JSONParser.swift; sourceTree = "<group>"; };
		A6C3100423089DE000A02761 /* Network.swift */ = {isa = PBXFileReference; fileEncoding = 4; lastKnownFileType = sourcecode.swift; path = Network.swift; sourceTree = "<group>"; };
		A6C3100923089E4100A02761 /* SVRadialGradientLayer.m */ = {isa = PBXFileReference; fileEncoding = 4; lastKnownFileType = sourcecode.c.objc; path = SVRadialGradientLayer.m; sourceTree = "<group>"; };
		A6C3100A23089E4100A02761 /* SVIndefiniteAnimatedView.h */ = {isa = PBXFileReference; fileEncoding = 4; lastKnownFileType = sourcecode.c.h; path = SVIndefiniteAnimatedView.h; sourceTree = "<group>"; };
		A6C3100B23089E4100A02761 /* SVProgressHUD.h */ = {isa = PBXFileReference; fileEncoding = 4; lastKnownFileType = sourcecode.c.h; path = SVProgressHUD.h; sourceTree = "<group>"; };
		A6C3100C23089E4100A02761 /* SVProgressAnimatedView.m */ = {isa = PBXFileReference; fileEncoding = 4; lastKnownFileType = sourcecode.c.objc; path = SVProgressAnimatedView.m; sourceTree = "<group>"; };
		A6C3100D23089E4100A02761 /* SVProgressHUD-Prefix.pch */ = {isa = PBXFileReference; fileEncoding = 4; lastKnownFileType = sourcecode.c.h; path = "SVProgressHUD-Prefix.pch"; sourceTree = "<group>"; };
		A6C3100E23089E4100A02761 /* SVRadialGradientLayer.h */ = {isa = PBXFileReference; fileEncoding = 4; lastKnownFileType = sourcecode.c.h; path = SVRadialGradientLayer.h; sourceTree = "<group>"; };
		A6C3100F23089E4100A02761 /* SVProgressHUD.m */ = {isa = PBXFileReference; fileEncoding = 4; lastKnownFileType = sourcecode.c.objc; path = SVProgressHUD.m; sourceTree = "<group>"; };
		A6C3101023089E4100A02761 /* SVIndefiniteAnimatedView.m */ = {isa = PBXFileReference; fileEncoding = 4; lastKnownFileType = sourcecode.c.objc; path = SVIndefiniteAnimatedView.m; sourceTree = "<group>"; };
		A6C3101123089E4100A02761 /* SVProgressHUD.bundle */ = {isa = PBXFileReference; lastKnownFileType = "wrapper.plug-in"; path = SVProgressHUD.bundle; sourceTree = "<group>"; };
		A6C3101223089E4100A02761 /* SVProgressAnimatedView.h */ = {isa = PBXFileReference; fileEncoding = 4; lastKnownFileType = sourcecode.c.h; path = SVProgressAnimatedView.h; sourceTree = "<group>"; };
		A6C3101923089E5D00A02761 /* QuartzCore.framework */ = {isa = PBXFileReference; lastKnownFileType = wrapper.framework; name = QuartzCore.framework; path = System/Library/Frameworks/QuartzCore.framework; sourceTree = SDKROOT; };
		A6C3102123089F7E00A02761 /* bridgingHeader.h */ = {isa = PBXFileReference; fileEncoding = 4; lastKnownFileType = sourcecode.c.h; path = bridgingHeader.h; sourceTree = "<group>"; };
		A6E407172305A54D00441C4F /* CardsCollectionViewLayout.swift */ = {isa = PBXFileReference; fileEncoding = 4; lastKnownFileType = sourcecode.swift; path = CardsCollectionViewLayout.swift; sourceTree = "<group>"; };
		A6F838EA2308A14600818A76 /* Project.swift */ = {isa = PBXFileReference; lastKnownFileType = sourcecode.swift; path = Project.swift; sourceTree = "<group>"; };
		A6F838EC2308A15000818A76 /* Item.swift */ = {isa = PBXFileReference; lastKnownFileType = sourcecode.swift; path = Item.swift; sourceTree = "<group>"; };
		A6F838EE2308A1F200818A76 /* Session.swift */ = {isa = PBXFileReference; lastKnownFileType = sourcecode.swift; path = Session.swift; sourceTree = "<group>"; };
/* End PBXFileReference section */

/* Begin PBXFrameworksBuildPhase section */
		A694184623045EEE00559C21 /* Frameworks */ = {
			isa = PBXFrameworksBuildPhase;
			buildActionMask = 2147483647;
			files = (
				A6C3101A23089E5D00A02761 /* QuartzCore.framework in Frameworks */,
			);
			runOnlyForDeploymentPostprocessing = 0;
		};
/* End PBXFrameworksBuildPhase section */

/* Begin PBXGroup section */
		A694184023045EEE00559C21 = {
			isa = PBXGroup;
			children = (
				A694184B23045EEE00559C21 /* Planner */,
				A694184A23045EEE00559C21 /* Products */,
				A6C3101823089E5D00A02761 /* Frameworks */,
			);
			sourceTree = "<group>";
		};
		A694184A23045EEE00559C21 /* Products */ = {
			isa = PBXGroup;
			children = (
				A694184923045EEE00559C21 /* Planner.app */,
			);
			name = Products;
			sourceTree = "<group>";
		};
		A694184B23045EEE00559C21 /* Planner */ = {
			isa = PBXGroup;
			children = (
				A694185A23045EF000559C21 /* Info.plist */,
				A66A819D230976C600DD6278 /* Global.swift */,
				A694185523045EF000559C21 /* Assets.xcassets */,
				A6C30FFD23089D1500A02761 /* Action */,
				A6B6F4E2230463B400CFBC02 /* Cell */,
				A6C3100023089D3A00A02761 /* Controller */,
				A6C3100123089D4900A02761 /* Delegate */,
				A6B6F4E52304653D00CFBC02 /* Extension */,
				A6C3100723089E3400A02761 /* Frameworks */,
				A6E407162305A54500441C4F /* Layout */,
				A6F838E92308A13500818A76 /* Object */,
				A6C3100223089D5200A02761 /* Storyboard */,
			);
			path = Planner;
			sourceTree = "<group>";
		};
		A6B6F4E2230463B400CFBC02 /* Cell */ = {
			isa = PBXGroup;
			children = (
				A6B6F4E3230463C700CFBC02 /* cells.swift */,
			);
			path = Cell;
			sourceTree = "<group>";
		};
		A6B6F4E52304653D00CFBC02 /* Extension */ = {
			isa = PBXGroup;
			children = (
				A6B6F4E62304654C00CFBC02 /* extensions.swift */,
			);
			path = Extension;
			sourceTree = "<group>";
		};
		A6C30FFD23089D1500A02761 /* Action */ = {
			isa = PBXGroup;
			children = (
				A6C3100323089DE000A02761 /* JSONParser.swift */,
				A6C3100423089DE000A02761 /* Network.swift */,
				A6C30FFE23089D2500A02761 /* Reachability.swift */,
				A6F838EE2308A1F200818A76 /* Session.swift */,
			);
			path = Action;
			sourceTree = "<group>";
		};
		A6C3100023089D3A00A02761 /* Controller */ = {
			isa = PBXGroup;
			children = (
				A694185023045EEF00559C21 /* ViewController.swift */,
				A66A819B230975FC00DD6278 /* Login.swift */,
			);
			path = Controller;
			sourceTree = "<group>";
		};
		A6C3100123089D4900A02761 /* Delegate */ = {
			isa = PBXGroup;
			children = (
				A694184C23045EEF00559C21 /* AppDelegate.swift */,
				A694184E23045EEF00559C21 /* SceneDelegate.swift */,
			);
			path = Delegate;
			sourceTree = "<group>";
		};
		A6C3100223089D5200A02761 /* Storyboard */ = {
			isa = PBXGroup;
			children = (
				A694185723045EF000559C21 /* LaunchScreen.storyboard */,
				A694185223045EEF00559C21 /* Main.storyboard */,
			);
			path = Storyboard;
			sourceTree = "<group>";
		};
		A6C3100723089E3400A02761 /* Frameworks */ = {
			isa = PBXGroup;
			children = (
				A6C3102123089F7E00A02761 /* bridgingHeader.h */,
				A6C3100823089E4100A02761 /* SVProgressHUD */,
			);
			path = Frameworks;
			sourceTree = "<group>";
		};
		A6C3100823089E4100A02761 /* SVProgressHUD */ = {
			isa = PBXGroup;
			children = (
				A6C3100923089E4100A02761 /* SVRadialGradientLayer.m */,
				A6C3100A23089E4100A02761 /* SVIndefiniteAnimatedView.h */,
				A6C3100B23089E4100A02761 /* SVProgressHUD.h */,
				A6C3100C23089E4100A02761 /* SVProgressAnimatedView.m */,
				A6C3100D23089E4100A02761 /* SVProgressHUD-Prefix.pch */,
				A6C3100E23089E4100A02761 /* SVRadialGradientLayer.h */,
				A6C3100F23089E4100A02761 /* SVProgressHUD.m */,
				A6C3101023089E4100A02761 /* SVIndefiniteAnimatedView.m */,
				A6C3101123089E4100A02761 /* SVProgressHUD.bundle */,
				A6C3101223089E4100A02761 /* SVProgressAnimatedView.h */,
			);
			path = SVProgressHUD;
			sourceTree = "<group>";
		};
		A6C3101823089E5D00A02761 /* Frameworks */ = {
			isa = PBXGroup;
			children = (
				A6C3101923089E5D00A02761 /* QuartzCore.framework */,
			);
			name = Frameworks;
			sourceTree = "<group>";
		};
		A6E407162305A54500441C4F /* Layout */ = {
			isa = PBXGroup;
			children = (
				A6E407172305A54D00441C4F /* CardsCollectionViewLayout.swift */,
			);
			path = Layout;
			sourceTree = "<group>";
		};
		A6F838E92308A13500818A76 /* Object */ = {
			isa = PBXGroup;
			children = (
				A6F838EC2308A15000818A76 /* Item.swift */,
				A6F838EA2308A14600818A76 /* Project.swift */,
				A66A819F230978A400DD6278 /* Staff.swift */,
			);
			path = Object;
			sourceTree = "<group>";
		};
/* End PBXGroup section */

/* Begin PBXNativeTarget section */
		A694184823045EEE00559C21 /* Planner */ = {
			isa = PBXNativeTarget;
			buildConfigurationList = A694185D23045EF000559C21 /* Build configuration list for PBXNativeTarget "Planner" */;
			buildPhases = (
				A694184523045EEE00559C21 /* Sources */,
				A694184623045EEE00559C21 /* Frameworks */,
				A694184723045EEE00559C21 /* Resources */,
			);
			buildRules = (
			);
			dependencies = (
			);
			name = Planner;
			productName = Planner;
			productReference = A694184923045EEE00559C21 /* Planner.app */;
			productType = "com.apple.product-type.application";
		};
/* End PBXNativeTarget section */

/* Begin PBXProject section */
		A694184123045EEE00559C21 /* Project object */ = {
			isa = PBXProject;
			attributes = {
				LastSwiftUpdateCheck = 1100;
				LastUpgradeCheck = 1100;
				ORGANIZATIONNAME = Scarlet;
				TargetAttributes = {
					A694184823045EEE00559C21 = {
						CreatedOnToolsVersion = 11.0;
					};
				};
			};
			buildConfigurationList = A694184423045EEE00559C21 /* Build configuration list for PBXProject "Planner" */;
			compatibilityVersion = "Xcode 9.3";
			developmentRegion = en;
			hasScannedForEncodings = 0;
			knownRegions = (
				en,
				Base,
			);
			mainGroup = A694184023045EEE00559C21;
			productRefGroup = A694184A23045EEE00559C21 /* Products */;
			projectDirPath = "";
			projectRoot = "";
			targets = (
				A694184823045EEE00559C21 /* Planner */,
			);
		};
/* End PBXProject section */

/* Begin PBXResourcesBuildPhase section */
		A694184723045EEE00559C21 /* Resources */ = {
			isa = PBXResourcesBuildPhase;
			buildActionMask = 2147483647;
			files = (
				A694185923045EF000559C21 /* LaunchScreen.storyboard in Resources */,
				A694185623045EF000559C21 /* Assets.xcassets in Resources */,
				A694185423045EEF00559C21 /* Main.storyboard in Resources */,
				A6C3101723089E4200A02761 /* SVProgressHUD.bundle in Resources */,
			);
			runOnlyForDeploymentPostprocessing = 0;
		};
/* End PBXResourcesBuildPhase section */

/* Begin PBXSourcesBuildPhase section */
		A694184523045EEE00559C21 /* Sources */ = {
			isa = PBXSourcesBuildPhase;
			buildActionMask = 2147483647;
			files = (
				A6C30FFF23089D2500A02761 /* Reachability.swift in Sources */,
				A66A819C230975FC00DD6278 /* Login.swift in Sources */,
				A6C3101623089E4200A02761 /* SVIndefiniteAnimatedView.m in Sources */,
				A6B6F4E72304654C00CFBC02 /* extensions.swift in Sources */,
				A6C3101423089E4200A02761 /* SVProgressAnimatedView.m in Sources */,
				A6C3100523089DE000A02761 /* JSONParser.swift in Sources */,
				A6F838EB2308A14600818A76 /* Project.swift in Sources */,
				A694185123045EEF00559C21 /* ViewController.swift in Sources */,
				A66A819E230976C600DD6278 /* Global.swift in Sources */,
				A6C3101523089E4200A02761 /* SVProgressHUD.m in Sources */,
				A6B6F4E4230463C700CFBC02 /* cells.swift in Sources */,
				A6C3100623089DE000A02761 /* Network.swift in Sources */,
				A6F838ED2308A15000818A76 /* Item.swift in Sources */,
				A66A81A0230978A400DD6278 /* Staff.swift in Sources */,
				A694184D23045EEF00559C21 /* AppDelegate.swift in Sources */,
				A6F838EF2308A1F200818A76 /* Session.swift in Sources */,
				A6E407182305A54D00441C4F /* CardsCollectionViewLayout.swift in Sources */,
				A694184F23045EEF00559C21 /* SceneDelegate.swift in Sources */,
				A6C3101323089E4200A02761 /* SVRadialGradientLayer.m in Sources */,
			);
			runOnlyForDeploymentPostprocessing = 0;
		};
/* End PBXSourcesBuildPhase section */

/* Begin PBXVariantGroup section */
		A694185223045EEF00559C21 /* Main.storyboard */ = {
			isa = PBXVariantGroup;
			children = (
				A694185323045EEF00559C21 /* Base */,
			);
			name = Main.storyboard;
			sourceTree = "<group>";
		};
		A694185723045EF000559C21 /* LaunchScreen.storyboard */ = {
			isa = PBXVariantGroup;
			children = (
				A694185823045EF000559C21 /* Base */,
			);
			name = LaunchScreen.storyboard;
			sourceTree = "<group>";
		};
/* End PBXVariantGroup section */

/* Begin XCBuildConfiguration section */
		A694185B23045EF000559C21 /* Debug */ = {
			isa = XCBuildConfiguration;
			buildSettings = {
				ALWAYS_SEARCH_USER_PATHS = NO;
				CLANG_ANALYZER_NONNULL = YES;
				CLANG_ANALYZER_NUMBER_OBJECT_CONVERSION = YES_AGGRESSIVE;
				CLANG_CXX_LANGUAGE_STANDARD = "gnu++14";
				CLANG_CXX_LIBRARY = "libc++";
				CLANG_ENABLE_MODULES = YES;
				CLANG_ENABLE_OBJC_ARC = YES;
				CLANG_ENABLE_OBJC_WEAK = YES;
				CLANG_WARN_BLOCK_CAPTURE_AUTORELEASING = YES;
				CLANG_WARN_BOOL_CONVERSION = YES;
				CLANG_WARN_COMMA = YES;
				CLANG_WARN_CONSTANT_CONVERSION = YES;
				CLANG_WARN_DEPRECATED_OBJC_IMPLEMENTATIONS = YES;
				CLANG_WARN_DIRECT_OBJC_ISA_USAGE = YES_ERROR;
				CLANG_WARN_DOCUMENTATION_COMMENTS = YES;
				CLANG_WARN_EMPTY_BODY = YES;
				CLANG_WARN_ENUM_CONVERSION = YES;
				CLANG_WARN_INFINITE_RECURSION = YES;
				CLANG_WARN_INT_CONVERSION = YES;
				CLANG_WARN_NON_LITERAL_NULL_CONVERSION = YES;
				CLANG_WARN_OBJC_IMPLICIT_RETAIN_SELF = YES;
				CLANG_WARN_OBJC_LITERAL_CONVERSION = YES;
				CLANG_WARN_OBJC_ROOT_CLASS = YES_ERROR;
				CLANG_WARN_RANGE_LOOP_ANALYSIS = YES;
				CLANG_WARN_STRICT_PROTOTYPES = YES;
				CLANG_WARN_SUSPICIOUS_MOVE = YES;
				CLANG_WARN_UNGUARDED_AVAILABILITY = YES_AGGRESSIVE;
				CLANG_WARN_UNREACHABLE_CODE = YES;
				CLANG_WARN__DUPLICATE_METHOD_MATCH = YES;
				COPY_PHASE_STRIP = NO;
				DEBUG_INFORMATION_FORMAT = dwarf;
				ENABLE_STRICT_OBJC_MSGSEND = YES;
				ENABLE_TESTABILITY = YES;
				GCC_C_LANGUAGE_STANDARD = gnu11;
				GCC_DYNAMIC_NO_PIC = NO;
				GCC_NO_COMMON_BLOCKS = YES;
				GCC_OPTIMIZATION_LEVEL = 0;
				GCC_PREPROCESSOR_DEFINITIONS = (
					"DEBUG=1",
					"$(inherited)",
				);
				GCC_WARN_64_TO_32_BIT_CONVERSION = YES;
				GCC_WARN_ABOUT_RETURN_TYPE = YES_ERROR;
				GCC_WARN_UNDECLARED_SELECTOR = YES;
				GCC_WARN_UNINITIALIZED_AUTOS = YES_AGGRESSIVE;
				GCC_WARN_UNUSED_FUNCTION = YES;
				GCC_WARN_UNUSED_VARIABLE = YES;
				IPHONEOS_DEPLOYMENT_TARGET = 12.0;
				MTL_ENABLE_DEBUG_INFO = INCLUDE_SOURCE;
				MTL_FAST_MATH = YES;
				ONLY_ACTIVE_ARCH = YES;
				SDKROOT = iphoneos;
				SWIFT_ACTIVE_COMPILATION_CONDITIONS = DEBUG;
				SWIFT_OPTIMIZATION_LEVEL = "-Onone";
			};
			name = Debug;
		};
		A694185C23045EF000559C21 /* Release */ = {
			isa = XCBuildConfiguration;
			buildSettings = {
				ALWAYS_SEARCH_USER_PATHS = NO;
				CLANG_ANALYZER_NONNULL = YES;
				CLANG_ANALYZER_NUMBER_OBJECT_CONVERSION = YES_AGGRESSIVE;
				CLANG_CXX_LANGUAGE_STANDARD = "gnu++14";
				CLANG_CXX_LIBRARY = "libc++";
				CLANG_ENABLE_MODULES = YES;
				CLANG_ENABLE_OBJC_ARC = YES;
				CLANG_ENABLE_OBJC_WEAK = YES;
				CLANG_WARN_BLOCK_CAPTURE_AUTORELEASING = YES;
				CLANG_WARN_BOOL_CONVERSION = YES;
				CLANG_WARN_COMMA = YES;
				CLANG_WARN_CONSTANT_CONVERSION = YES;
				CLANG_WARN_DEPRECATED_OBJC_IMPLEMENTATIONS = YES;
				CLANG_WARN_DIRECT_OBJC_ISA_USAGE = YES_ERROR;
				CLANG_WARN_DOCUMENTATION_COMMENTS = YES;
				CLANG_WARN_EMPTY_BODY = YES;
				CLANG_WARN_ENUM_CONVERSION = YES;
				CLANG_WARN_INFINITE_RECURSION = YES;
				CLANG_WARN_INT_CONVERSION = YES;
				CLANG_WARN_NON_LITERAL_NULL_CONVERSION = YES;
				CLANG_WARN_OBJC_IMPLICIT_RETAIN_SELF = YES;
				CLANG_WARN_OBJC_LITERAL_CONVERSION = YES;
				CLANG_WARN_OBJC_ROOT_CLASS = YES_ERROR;
				CLANG_WARN_RANGE_LOOP_ANALYSIS = YES;
				CLANG_WARN_STRICT_PROTOTYPES = YES;
				CLANG_WARN_SUSPICIOUS_MOVE = YES;
				CLANG_WARN_UNGUARDED_AVAILABILITY = YES_AGGRESSIVE;
				CLANG_WARN_UNREACHABLE_CODE = YES;
				CLANG_WARN__DUPLICATE_METHOD_MATCH = YES;
				COPY_PHASE_STRIP = NO;
				DEBUG_INFORMATION_FORMAT = "dwarf-with-dsym";
				ENABLE_NS_ASSERTIONS = NO;
				ENABLE_STRICT_OBJC_MSGSEND = YES;
				GCC_C_LANGUAGE_STANDARD = gnu11;
				GCC_NO_COMMON_BLOCKS = YES;
				GCC_WARN_64_TO_32_BIT_CONVERSION = YES;
				GCC_WARN_ABOUT_RETURN_TYPE = YES_ERROR;
				GCC_WARN_UNDECLARED_SELECTOR = YES;
				GCC_WARN_UNINITIALIZED_AUTOS = YES_AGGRESSIVE;
				GCC_WARN_UNUSED_FUNCTION = YES;
				GCC_WARN_UNUSED_VARIABLE = YES;
				IPHONEOS_DEPLOYMENT_TARGET = 12.0;
				MTL_ENABLE_DEBUG_INFO = NO;
				MTL_FAST_MATH = YES;
				SDKROOT = iphoneos;
				SWIFT_COMPILATION_MODE = wholemodule;
				SWIFT_OPTIMIZATION_LEVEL = "-O";
				VALIDATE_PRODUCT = YES;
			};
			name = Release;
		};
		A694185E23045EF000559C21 /* Debug */ = {
			isa = XCBuildConfiguration;
			buildSettings = {
				ASSETCATALOG_COMPILER_APPICON_NAME = AppIcon;
				CODE_SIGN_IDENTITY = "iPhone Developer";
				CODE_SIGN_STYLE = Automatic;
				CURRENT_PROJECT_VERSION = 2;
				DEVELOPMENT_TEAM = 7WC44F9Y8F;
				INFOPLIST_FILE = Planner/Info.plist;
				LD_RUNPATH_SEARCH_PATHS = (
					"$(inherited)",
					"@executable_path/Frameworks",
				);
				PRODUCT_BUNDLE_IDENTIFIER = net.scarletsc.Planner;
				PRODUCT_NAME = "$(TARGET_NAME)";
				PROVISIONING_PROFILE_SPECIFIER = "";
				SWIFT_OBJC_BRIDGING_HEADER = Planner/Frameworks/bridgingHeader.h;
				SWIFT_VERSION = 5.0;
				TARGETED_DEVICE_FAMILY = "1,2";
			};
			name = Debug;
		};
		A694185F23045EF000559C21 /* Release */ = {
			isa = XCBuildConfiguration;
			buildSettings = {
				ASSETCATALOG_COMPILER_APPICON_NAME = AppIcon;
				CODE_SIGN_IDENTITY = "iPhone Developer";
				CODE_SIGN_STYLE = Automatic;
				CURRENT_PROJECT_VERSION = 2;
				DEVELOPMENT_TEAM = 7WC44F9Y8F;
				INFOPLIST_FILE = Planner/Info.plist;
				LD_RUNPATH_SEARCH_PATHS = (
					"$(inherited)",
					"@executable_path/Frameworks",
				);
				PRODUCT_BUNDLE_IDENTIFIER = net.scarletsc.Planner;
				PRODUCT_NAME = "$(TARGET_NAME)";
				PROVISIONING_PROFILE_SPECIFIER = "";
				SWIFT_OBJC_BRIDGING_HEADER = Planner/Frameworks/bridgingHeader.h;
				SWIFT_VERSION = 5.0;
				TARGETED_DEVICE_FAMILY = "1,2";
			};
			name = Release;
		};
/* End XCBuildConfiguration section */

/* Begin XCConfigurationList section */
		A694184423045EEE00559C21 /* Build configuration list for PBXProject "Planner" */ = {
			isa = XCConfigurationList;
			buildConfigurations = (
				A694185B23045EF000559C21 /* Debug */,
				A694185C23045EF000559C21 /* Release */,
			);
			defaultConfigurationIsVisible = 0;
			defaultConfigurationName = Release;
		};
		A694185D23045EF000559C21 /* Build configuration list for PBXNativeTarget "Planner" */ = {
			isa = XCConfigurationList;
			buildConfigurations = (
				A694185E23045EF000559C21 /* Debug */,
				A694185F23045EF000559C21 /* Release */,
			);
			defaultConfigurationIsVisible = 0;
			defaultConfigurationName = Release;
		};
/* End XCConfigurationList section */
	};
	rootObject = A694184123045EEE00559C21 /* Project object */;
}
